
Microsoft Visual Studio Solution File, Format Version 12.00
# Visual Studio Version 17
VisualStudioVersion = 17.5.002.0
MinimumVisualStudioVersion = 10.0.40219.1
Project("{9A19103F-16F7-4668-BE54-9A1E7A4F7556}") = "LHPet", "LHPet.csproj", "{EC85A6FF-AD84-4199-824F-E59193AF8C9F}"
EndProject
Global
	GlobalSection(SolutionConfigurationPlatforms) = preSolution
		Debug|Any CPU = Debug|Any CPU
		Release|Any CPU = Release|Any CPU
	EndGlobalSection
	GlobalSection(ProjectConfigurationPlatforms) = postSolution
		{EC85A6FF-AD84-4199-824F-E59193AF8C9F}.Debug|Any CPU.ActiveCfg = Debug|Any CPU
		{EC85A6FF-AD84-4199-824F-E59193AF8C9F}.Debug|Any CPU.Build.0 = Debug|Any CPU
		{EC85A6FF-AD84-4199-824F-E59193AF8C9F}.Release|Any CPU.ActiveCfg = Release|Any CPU
		{EC85A6FF-AD84-4199-824F-E59193AF8C9F}.Release|Any CPU.Build.0 = Release|Any CPU
	EndGlobalSection
	GlobalSection(SolutionProperties) = preSolution
		HideSolutionNode = FALSE
	EndGlobalSection
	GlobalSection(ExtensibilityGlobals) = postSolution
		SolutionGuid = {5B8585F7-1EA8-4BF2-8F50-DB19C5D5E929}
	EndGlobalSection
EndGlobal
